
Microsoft Visual Studio Solution File, Format Version 12.00
# Visual Studio Version 17
VisualStudioVersion = 17.14.36408.4 d17.14
MinimumVisualStudioVersion = 10.0.40219.1
Project("{C9674DCB-5085-4A16-B785-4C70DD1589BD}") = "Gennovas.MaintenanceTask", "Gennovas.MaintenanceTask.dtproj", "{E16BC646-4993-99FD-F412-4762C361E619}"
EndProject
Global
	GlobalSection(SolutionConfigurationPlatforms) = preSolution
		Development|Default = Development|Default
	EndGlobalSection
	GlobalSection(ProjectConfigurationPlatforms) = postSolution
		{E16BC646-4993-99FD-F412-4762C361E619}.Development|Default.ActiveCfg = Development
		{E16BC646-4993-99FD-F412-4762C361E619}.Development|Default.Build.0 = Development
	EndGlobalSection
	GlobalSection(SolutionProperties) = preSolution
		HideSolutionNode = FALSE
	EndGlobalSection
	GlobalSection(ExtensibilityGlobals) = postSolution
		SolutionGuid = {E3FA99D5-0C83-40E5-94D0-6EE4F260D10E}
	EndGlobalSection
EndGlobal
